
Microsoft Visual Studio Solution File, Format Version 12.00
# Visual Studio 2012
Project("{FAE04EC0-301F-11D3-BF4B-00C04F79EFBC}") = "FileSplitter", "FileSplitter.csproj", "{FAEF3C5F-1FFC-4B27-B8A6-79BA9FB81EA6}"
EndProject
Global
	GlobalSection(SolutionConfigurationPlatforms) = preSolution
		Debug|Any CPU = Debug|Any CPU
		Release|Any CPU = Release|Any CPU
	EndGlobalSection
	GlobalSection(ProjectConfigurationPlatforms) = postSolution
		{FAEF3C5F-1FFC-4B27-B8A6-79BA9FB81EA6}.Debug|Any CPU.ActiveCfg = Debug|Any CPU
		{FAEF3C5F-1FFC-4B27-B8A6-79BA9FB81EA6}.Debug|Any CPU.Build.0 = Debug|Any CPU
		{FAEF3C5F-1FFC-4B27-B8A6-79BA9FB81EA6}.Release|Any CPU.ActiveCfg = Release|Any CPU
		{FAEF3C5F-1FFC-4B27-B8A6-79BA9FB81EA6}.Release|Any CPU.Build.0 = Release|Any CPU
	EndGlobalSection
	GlobalSection(SolutionProperties) = preSolution
		HideSolutionNode = FALSE
	EndGlobalSection
EndGlobal
